
Microsoft Visual Studio Solution File, Format Version 12.00
# Visual Studio 15
VisualStudioVersion = 15.0.28307.106
MinimumVisualStudioVersion = 10.0.40219.1
Project("{9A19103F-16F7-4668-BE54-9A1E7A4F7556}") = "Desh", "Desh\Desh.csproj", "{74F63984-5DDE-4459-A1D4-3C3E82A9FA7A}"
EndProject
Project("{9A19103F-16F7-4668-BE54-9A1E7A4F7556}") = "Desh.Test", "Desh.Test\Desh.Test.csproj", "{DBA6817C-3CB4-4843-B84D-7C726580E090}"
EndProject
Global
	GlobalSection(SolutionConfigurationPlatforms) = preSolution
		Debug|Any CPU = Debug|Any CPU
		Release|Any CPU = Release|Any CPU
	EndGlobalSection
	GlobalSection(ProjectConfigurationPlatforms) = postSolution
		{74F63984-5DDE-4459-A1D4-3C3E82A9FA7A}.Debug|Any CPU.ActiveCfg = Debug|Any CPU
		{74F63984-5DDE-4459-A1D4-3C3E82A9FA7A}.Debug|Any CPU.Build.0 = Debug|Any CPU
		{74F63984-5DDE-4459-A1D4-3C3E82A9FA7A}.Release|Any CPU.ActiveCfg = Release|Any CPU
		{74F63984-5DDE-4459-A1D4-3C3E82A9FA7A}.Release|Any CPU.Build.0 = Release|Any CPU
		{DBA6817C-3CB4-4843-B84D-7C726580E090}.Debug|Any CPU.ActiveCfg = Debug|Any CPU
		{DBA6817C-3CB4-4843-B84D-7C726580E090}.Debug|Any CPU.Build.0 = Debug|Any CPU
		{DBA6817C-3CB4-4843-B84D-7C726580E090}.Release|Any CPU.ActiveCfg = Release|Any CPU
		{DBA6817C-3CB4-4843-B84D-7C726580E090}.Release|Any CPU.Build.0 = Release|Any CPU
	EndGlobalSection
	GlobalSection(SolutionProperties) = preSolution
		HideSolutionNode = FALSE
	EndGlobalSection
	GlobalSection(ExtensibilityGlobals) = postSolution
		SolutionGuid = {3D1F1B89-253C-4B41-B690-B10E7A4D590D}
	EndGlobalSection
EndGlobal
